
Microsoft Visual Studio Solution File, Format Version 12.00
# Visual Studio Version 16
VisualStudioVersion = 16.0.29326.143
MinimumVisualStudioVersion = 10.0.40219.1
Project("{FAE04EC0-301F-11D3-BF4B-00C04F79EFBC}") = "QDEYE.Server", "QDEYE\Server\QDEYE.Server.csproj", "{FB884B6C-F5F4-4490-858C-A937FA0540E7}"
EndProject
Project("{FAE04EC0-301F-11D3-BF4B-00C04F79EFBC}") = "QDEYE.Client", "QDEYE\Client\QDEYE.Client.csproj", "{78057715-7A68-4EE8-8FAA-CC50AFF731C6}"
EndProject
Project("{FAE04EC0-301F-11D3-BF4B-00C04F79EFBC}") = "QDEYE.Shared", "QDEYE\Shared\QDEYE.Shared.csproj", "{F2B44B86-0024-4844-B6FA-D8D1AC8C7343}"
EndProject
Global
	GlobalSection(SolutionConfigurationPlatforms) = preSolution
		Debug|Any CPU = Debug|Any CPU
		Release|Any CPU = Release|Any CPU
	EndGlobalSection
	GlobalSection(ProjectConfigurationPlatforms) = postSolution
		{FB884B6C-F5F4-4490-858C-A937FA0540E7}.Debug|Any CPU.ActiveCfg = Debug|Any CPU
		{FB884B6C-F5F4-4490-858C-A937FA0540E7}.Debug|Any CPU.Build.0 = Debug|Any CPU
		{FB884B6C-F5F4-4490-858C-A937FA0540E7}.Release|Any CPU.ActiveCfg = Release|Any CPU
		{FB884B6C-F5F4-4490-858C-A937FA0540E7}.Release|Any CPU.Build.0 = Release|Any CPU
		{78057715-7A68-4EE8-8FAA-CC50AFF731C6}.Debug|Any CPU.ActiveCfg = Debug|Any CPU
		{78057715-7A68-4EE8-8FAA-CC50AFF731C6}.Debug|Any CPU.Build.0 = Debug|Any CPU
		{78057715-7A68-4EE8-8FAA-CC50AFF731C6}.Release|Any CPU.ActiveCfg = Release|Any CPU
		{78057715-7A68-4EE8-8FAA-CC50AFF731C6}.Release|Any CPU.Build.0 = Release|Any CPU
		{F2B44B86-0024-4844-B6FA-D8D1AC8C7343}.Debug|Any CPU.ActiveCfg = Debug|Any CPU
		{F2B44B86-0024-4844-B6FA-D8D1AC8C7343}.Debug|Any CPU.Build.0 = Debug|Any CPU
		{F2B44B86-0024-4844-B6FA-D8D1AC8C7343}.Release|Any CPU.ActiveCfg = Release|Any CPU
		{F2B44B86-0024-4844-B6FA-D8D1AC8C7343}.Release|Any CPU.Build.0 = Release|Any CPU
	EndGlobalSection
	GlobalSection(SolutionProperties) = preSolution
		HideSolutionNode = FALSE
	EndGlobalSection
	GlobalSection(ExtensibilityGlobals) = postSolution
		SolutionGuid = {1E549D83-3293-422F-8EE2-F5FDFFB88596}
	EndGlobalSection
EndGlobal
